
Microsoft Visual Studio Solution File, Format Version 12.00
# Visual Studio Version 16
VisualStudioVersion = 16.0.810.22
MinimumVisualStudioVersion = 10.0.40219.1
Project("{FAE04EC0-301F-11D3-BF4B-00C04F79EFBC}") = "NewsInfoAPI", "NewsInfoAPI\NewsInfoAPI.csproj", "{49814BE6-8B44-4FBC-AC0D-C92AD84D37BC}"
EndProject
Global
	GlobalSection(SolutionConfigurationPlatforms) = preSolution
		Debug|Any CPU = Debug|Any CPU
		Release|Any CPU = Release|Any CPU
	EndGlobalSection
	GlobalSection(ProjectConfigurationPlatforms) = postSolution
		{49814BE6-8B44-4FBC-AC0D-C92AD84D37BC}.Debug|Any CPU.ActiveCfg = Debug|Any CPU
		{49814BE6-8B44-4FBC-AC0D-C92AD84D37BC}.Debug|Any CPU.Build.0 = Debug|Any CPU
		{49814BE6-8B44-4FBC-AC0D-C92AD84D37BC}.Release|Any CPU.ActiveCfg = Release|Any CPU
		{49814BE6-8B44-4FBC-AC0D-C92AD84D37BC}.Release|Any CPU.Build.0 = Release|Any CPU
	EndGlobalSection
	GlobalSection(SolutionProperties) = preSolution
		HideSolutionNode = FALSE
	EndGlobalSection
	GlobalSection(ExtensibilityGlobals) = postSolution
		SolutionGuid = {1BB43D1F-2424-4E9E-AEF8-1C19D7FFE55F}
	EndGlobalSection
EndGlobal
